
Microsoft Visual Studio Solution File, Format Version 12.00
# Visual Studio Version 17
VisualStudioVersion = 17.13.35818.85 d17.13
MinimumVisualStudioVersion = 10.0.40219.1
Project("{FAE04EC0-301F-11D3-BF4B-00C04F79EFBC}") = "MVC DEMO", "MVC DEMO\MVC DEMO.csproj", "{A91ADE56-EF6C-4ED6-B4BD-8E31EE77A75E}"
EndProject
Global
	GlobalSection(SolutionConfigurationPlatforms) = preSolution
		Debug|Any CPU = Debug|Any CPU
		Release|Any CPU = Release|Any CPU
	EndGlobalSection
	GlobalSection(ProjectConfigurationPlatforms) = postSolution
		{A91ADE56-EF6C-4ED6-B4BD-8E31EE77A75E}.Debug|Any CPU.ActiveCfg = Debug|Any CPU
		{A91ADE56-EF6C-4ED6-B4BD-8E31EE77A75E}.Debug|Any CPU.Build.0 = Debug|Any CPU
		{A91ADE56-EF6C-4ED6-B4BD-8E31EE77A75E}.Release|Any CPU.ActiveCfg = Release|Any CPU
		{A91ADE56-EF6C-4ED6-B4BD-8E31EE77A75E}.Release|Any CPU.Build.0 = Release|Any CPU
	EndGlobalSection
	GlobalSection(SolutionProperties) = preSolution
		HideSolutionNode = FALSE
	EndGlobalSection
	GlobalSection(ExtensibilityGlobals) = postSolution
		SolutionGuid = {23F6C845-F44D-494F-84E7-0CFABD3BC785}
	EndGlobalSection
EndGlobal
